
Microsoft Visual Studio Solution File, Format Version 9.00
# Visual Studio 2005
Project("{8BC9CEB8-8B4A-11D0-8D11-00A0C91BC942}") = "PokerNoLimit", "PokerNoLimit\PokerNoLimit.vcproj", "{B7268F97-0540-4D2C-AB5F-88E155A2A4A6}"
	ProjectSection(WebsiteProperties) = preProject
		Debug.AspNetCompiler.Debug = "True"
		Release.AspNetCompiler.Debug = "False"
	EndProjectSection
	ProjectSection(ProjectDependencies) = postProject
		{6DBB0C4D-D870-4A74-8693-6BA46EC21AC0} = {6DBB0C4D-D870-4A74-8693-6BA46EC21AC0}
		{A4DEF05E-E072-493E-B282-84731D60BCF0} = {A4DEF05E-E072-493E-B282-84731D60BCF0}
	EndProjectSection
EndProject
Project("{8BC9CEB8-8B4A-11D0-8D11-00A0C91BC942}") = "PokerEval", "pokereval\poker-eval.vcproj", "{A4DEF05E-E072-493E-B282-84731D60BCF0}"
	ProjectSection(WebsiteProperties) = preProject
		Debug.AspNetCompiler.Debug = "True"
		Release.AspNetCompiler.Debug = "False"
	EndProjectSection
EndProject
Project("{8BC9CEB8-8B4A-11D0-8D11-00A0C91BC942}") = "HandIndexingV1", "HandIndexingV1\HandIndexingV1.vcproj", "{97192A80-9FB7-4D5C-8250-DC7B548F756F}"
	ProjectSection(WebsiteProperties) = preProject
		Debug.AspNetCompiler.Debug = "True"
		Release.AspNetCompiler.Debug = "False"
	EndProjectSection
	ProjectSection(ProjectDependencies) = postProject
		{A4DEF05E-E072-493E-B282-84731D60BCF0} = {A4DEF05E-E072-493E-B282-84731D60BCF0}
	EndProjectSection
EndProject
Project("{8BC9CEB8-8B4A-11D0-8D11-00A0C91BC942}") = "HandBinningV1", "HandSSCalculator\HandSSCalculator.vcproj", "{304C7486-D5EC-4A19-86BE-AF5C3925DB2E}"
	ProjectSection(WebsiteProperties) = preProject
		Debug.AspNetCompiler.Debug = "True"
		Release.AspNetCompiler.Debug = "False"
	EndProjectSection
	ProjectSection(ProjectDependencies) = postProject
		{A4DEF05E-E072-493E-B282-84731D60BCF0} = {A4DEF05E-E072-493E-B282-84731D60BCF0}
		{97192A80-9FB7-4D5C-8250-DC7B548F756F} = {97192A80-9FB7-4D5C-8250-DC7B548F756F}
	EndProjectSection
EndProject
Project("{8BC9CEB8-8B4A-11D0-8D11-00A0C91BC942}") = "PokerLibrary", "PokerLibrary\PokerLibrary.vcproj", "{6DBB0C4D-D870-4A74-8693-6BA46EC21AC0}"
	ProjectSection(WebsiteProperties) = preProject
		Debug.AspNetCompiler.Debug = "True"
		Release.AspNetCompiler.Debug = "False"
	EndProjectSection
	ProjectSection(ProjectDependencies) = postProject
		{97192A80-9FB7-4D5C-8250-DC7B548F756F} = {97192A80-9FB7-4D5C-8250-DC7B548F756F}
	EndProjectSection
EndProject
Project("{8BC9CEB8-8B4A-11D0-8D11-00A0C91BC942}") = "PokerPlayer", "PokerPlayer\PokerPlayer.vcproj", "{283B17C9-68E4-470E-BEC5-D8A0057E8650}"
	ProjectSection(WebsiteProperties) = preProject
		Debug.AspNetCompiler.Debug = "True"
		Release.AspNetCompiler.Debug = "False"
	EndProjectSection
	ProjectSection(ProjectDependencies) = postProject
		{6DBB0C4D-D870-4A74-8693-6BA46EC21AC0} = {6DBB0C4D-D870-4A74-8693-6BA46EC21AC0}
	EndProjectSection
EndProject
Project("{8BC9CEB8-8B4A-11D0-8D11-00A0C91BC942}") = "OpenHoldemDLL", "OpenHoldemDLL\OpenHoldemDLL.vcproj", "{CDFB8EF2-50D7-4E5E-931E-F3A20E0BC05E}"
	ProjectSection(WebsiteProperties) = preProject
		Debug.AspNetCompiler.Debug = "True"
		Release.AspNetCompiler.Debug = "False"
	EndProjectSection
	ProjectSection(ProjectDependencies) = postProject
		{283B17C9-68E4-470E-BEC5-D8A0057E8650} = {283B17C9-68E4-470E-BEC5-D8A0057E8650}
	EndProjectSection
EndProject
Project("{8BC9CEB8-8B4A-11D0-8D11-00A0C91BC942}") = "SimpleGameMFC", "SimpleGame\SimpleGame.vcproj", "{1C9B2E00-EBAE-4183-9C66-650A1EE6FB2A}"
	ProjectSection(WebsiteProperties) = preProject
		Debug.AspNetCompiler.Debug = "True"
		Release.AspNetCompiler.Debug = "False"
	EndProjectSection
	ProjectSection(ProjectDependencies) = postProject
		{4A7BE015-A3C8-4AC3-92C4-7B2090973B0A} = {4A7BE015-A3C8-4AC3-92C4-7B2090973B0A}
	EndProjectSection
EndProject
Project("{8BC9CEB8-8B4A-11D0-8D11-00A0C91BC942}") = "PokerPlayerMFC", "PokerPlayerMFC\PokerPlayerMFC.vcproj", "{4A7BE015-A3C8-4AC3-92C4-7B2090973B0A}"
	ProjectSection(WebsiteProperties) = preProject
		Debug.AspNetCompiler.Debug = "True"
		Release.AspNetCompiler.Debug = "False"
	EndProjectSection
	ProjectSection(ProjectDependencies) = postProject
		{6DBB0C4D-D870-4A74-8693-6BA46EC21AC0} = {6DBB0C4D-D870-4A74-8693-6BA46EC21AC0}
	EndProjectSection
EndProject
Global
	GlobalSection(SolutionConfigurationPlatforms) = preSolution
		Debug|Win32 = Debug|Win32
		profile|Win32 = profile|Win32
		Release|Win32 = Release|Win32
	EndGlobalSection
	GlobalSection(ProjectConfigurationPlatforms) = postSolution
		{B7268F97-0540-4D2C-AB5F-88E155A2A4A6}.Debug|Win32.ActiveCfg = Debug|Win32
		{B7268F97-0540-4D2C-AB5F-88E155A2A4A6}.Debug|Win32.Build.0 = Debug|Win32
		{B7268F97-0540-4D2C-AB5F-88E155A2A4A6}.profile|Win32.ActiveCfg = Release|Win32
		{B7268F97-0540-4D2C-AB5F-88E155A2A4A6}.profile|Win32.Build.0 = Release|Win32
		{B7268F97-0540-4D2C-AB5F-88E155A2A4A6}.Release|Win32.ActiveCfg = Release|Win32
		{B7268F97-0540-4D2C-AB5F-88E155A2A4A6}.Release|Win32.Build.0 = Release|Win32
		{A4DEF05E-E072-493E-B282-84731D60BCF0}.Debug|Win32.ActiveCfg = Debug|Win32
		{A4DEF05E-E072-493E-B282-84731D60BCF0}.Debug|Win32.Build.0 = Debug|Win32
		{A4DEF05E-E072-493E-B282-84731D60BCF0}.profile|Win32.ActiveCfg = profile|Win32
		{A4DEF05E-E072-493E-B282-84731D60BCF0}.profile|Win32.Build.0 = profile|Win32
		{A4DEF05E-E072-493E-B282-84731D60BCF0}.Release|Win32.ActiveCfg = Release|Win32
		{A4DEF05E-E072-493E-B282-84731D60BCF0}.Release|Win32.Build.0 = Release|Win32
		{97192A80-9FB7-4D5C-8250-DC7B548F756F}.Debug|Win32.ActiveCfg = Debug|Win32
		{97192A80-9FB7-4D5C-8250-DC7B548F756F}.Debug|Win32.Build.0 = Debug|Win32
		{97192A80-9FB7-4D5C-8250-DC7B548F756F}.profile|Win32.ActiveCfg = Release|Win32
		{97192A80-9FB7-4D5C-8250-DC7B548F756F}.profile|Win32.Build.0 = Release|Win32
		{97192A80-9FB7-4D5C-8250-DC7B548F756F}.Release|Win32.ActiveCfg = Release|Win32
		{97192A80-9FB7-4D5C-8250-DC7B548F756F}.Release|Win32.Build.0 = Release|Win32
		{304C7486-D5EC-4A19-86BE-AF5C3925DB2E}.Debug|Win32.ActiveCfg = Debug|Win32
		{304C7486-D5EC-4A19-86BE-AF5C3925DB2E}.Debug|Win32.Build.0 = Debug|Win32
		{304C7486-D5EC-4A19-86BE-AF5C3925DB2E}.profile|Win32.ActiveCfg = Release|Win32
		{304C7486-D5EC-4A19-86BE-AF5C3925DB2E}.profile|Win32.Build.0 = Release|Win32
		{304C7486-D5EC-4A19-86BE-AF5C3925DB2E}.Release|Win32.ActiveCfg = Release|Win32
		{304C7486-D5EC-4A19-86BE-AF5C3925DB2E}.Release|Win32.Build.0 = Release|Win32
		{6DBB0C4D-D870-4A74-8693-6BA46EC21AC0}.Debug|Win32.ActiveCfg = Debug|Win32
		{6DBB0C4D-D870-4A74-8693-6BA46EC21AC0}.Debug|Win32.Build.0 = Debug|Win32
		{6DBB0C4D-D870-4A74-8693-6BA46EC21AC0}.profile|Win32.ActiveCfg = Release|Win32
		{6DBB0C4D-D870-4A74-8693-6BA46EC21AC0}.profile|Win32.Build.0 = Release|Win32
		{6DBB0C4D-D870-4A74-8693-6BA46EC21AC0}.Release|Win32.ActiveCfg = Release|Win32
		{6DBB0C4D-D870-4A74-8693-6BA46EC21AC0}.Release|Win32.Build.0 = Release|Win32
		{283B17C9-68E4-470E-BEC5-D8A0057E8650}.Debug|Win32.ActiveCfg = Debug|Win32
		{283B17C9-68E4-470E-BEC5-D8A0057E8650}.Debug|Win32.Build.0 = Debug|Win32
		{283B17C9-68E4-470E-BEC5-D8A0057E8650}.profile|Win32.ActiveCfg = Release|Win32
		{283B17C9-68E4-470E-BEC5-D8A0057E8650}.profile|Win32.Build.0 = Release|Win32
		{283B17C9-68E4-470E-BEC5-D8A0057E8650}.Release|Win32.ActiveCfg = Release|Win32
		{283B17C9-68E4-470E-BEC5-D8A0057E8650}.Release|Win32.Build.0 = Release|Win32
		{CDFB8EF2-50D7-4E5E-931E-F3A20E0BC05E}.Debug|Win32.ActiveCfg = Debug|Win32
		{CDFB8EF2-50D7-4E5E-931E-F3A20E0BC05E}.Debug|Win32.Build.0 = Debug|Win32
		{CDFB8EF2-50D7-4E5E-931E-F3A20E0BC05E}.profile|Win32.ActiveCfg = Release|Win32
		{CDFB8EF2-50D7-4E5E-931E-F3A20E0BC05E}.profile|Win32.Build.0 = Release|Win32
		{CDFB8EF2-50D7-4E5E-931E-F3A20E0BC05E}.Release|Win32.ActiveCfg = Release|Win32
		{CDFB8EF2-50D7-4E5E-931E-F3A20E0BC05E}.Release|Win32.Build.0 = Release|Win32
		{1C9B2E00-EBAE-4183-9C66-650A1EE6FB2A}.Debug|Win32.ActiveCfg = Debug|Win32
		{1C9B2E00-EBAE-4183-9C66-650A1EE6FB2A}.Debug|Win32.Build.0 = Debug|Win32
		{1C9B2E00-EBAE-4183-9C66-650A1EE6FB2A}.profile|Win32.ActiveCfg = Release|Win32
		{1C9B2E00-EBAE-4183-9C66-650A1EE6FB2A}.profile|Win32.Build.0 = Release|Win32
		{1C9B2E00-EBAE-4183-9C66-650A1EE6FB2A}.Release|Win32.ActiveCfg = Release|Win32
		{1C9B2E00-EBAE-4183-9C66-650A1EE6FB2A}.Release|Win32.Build.0 = Release|Win32
		{4A7BE015-A3C8-4AC3-92C4-7B2090973B0A}.Debug|Win32.ActiveCfg = Debug|Win32
		{4A7BE015-A3C8-4AC3-92C4-7B2090973B0A}.Debug|Win32.Build.0 = Debug|Win32
		{4A7BE015-A3C8-4AC3-92C4-7B2090973B0A}.profile|Win32.ActiveCfg = Release|Win32
		{4A7BE015-A3C8-4AC3-92C4-7B2090973B0A}.profile|Win32.Build.0 = Release|Win32
		{4A7BE015-A3C8-4AC3-92C4-7B2090973B0A}.Release|Win32.ActiveCfg = Release|Win32
		{4A7BE015-A3C8-4AC3-92C4-7B2090973B0A}.Release|Win32.Build.0 = Release|Win32
	EndGlobalSection
	GlobalSection(SolutionProperties) = preSolution
		HideSolutionNode = FALSE
	EndGlobalSection
	GlobalSection(ExtensibilityGlobals) = postSolution
		AMDCaProjectFile = C:\Documents and Settings\Scott\My Documents\PokerBreedingGrounds\trunk\CodeAnalyst\PokerBreedingGrounds.caw
	EndGlobalSection
EndGlobal
